
Microsoft Visual Studio Solution File, Format Version 12.00
# Visual Studio Version 16
VisualStudioVersion = 16.0.29102.190
MinimumVisualStudioVersion = 10.0.40219.1
Project("{FAE04EC0-301F-11D3-BF4B-00C04F79EFBC}") = "taylor_series", "taylor_series\taylor_series.csproj", "{09E553F7-84B4-4A7A-8558-7016343495DB}"
EndProject
Global
	GlobalSection(SolutionConfigurationPlatforms) = preSolution
		Debug|Any CPU = Debug|Any CPU
		Release|Any CPU = Release|Any CPU
	EndGlobalSection
	GlobalSection(ProjectConfigurationPlatforms) = postSolution
		{09E553F7-84B4-4A7A-8558-7016343495DB}.Debug|Any CPU.ActiveCfg = Debug|Any CPU
		{09E553F7-84B4-4A7A-8558-7016343495DB}.Debug|Any CPU.Build.0 = Debug|Any CPU
		{09E553F7-84B4-4A7A-8558-7016343495DB}.Release|Any CPU.ActiveCfg = Release|Any CPU
		{09E553F7-84B4-4A7A-8558-7016343495DB}.Release|Any CPU.Build.0 = Release|Any CPU
	EndGlobalSection
	GlobalSection(SolutionProperties) = preSolution
		HideSolutionNode = FALSE
	EndGlobalSection
	GlobalSection(ExtensibilityGlobals) = postSolution
		SolutionGuid = {F509652E-C1CC-4D54-9CBC-26D69A1FB01C}
	EndGlobalSection
EndGlobal
